version = 1
requires-python = ">=3.12"

[[package]]
name = "my-pulp-project"
version = "0.1.0"
source = { virtual = "." }
dependencies = [
    { name = "pulp" },
]

[package.metadata]
requires-dist = [{ name = "pulp", specifier = ">=2.9.0" }]

[[package]]
name = "pulp"
version = "2.9.0"
source = { registry = "https://pypi.org/simple" }
sdist = { url = "https://files.pythonhosted.org/packages/bb/d5/7cb148b56f3603be3663498db3a63054d7d519eab32ef9c39f93faf6b7a9/pulp-2.9.0.tar.gz", hash = "sha256:2e30e6c0ef2c0edac185220e3e53faca62eb786a9bd68465208f05bc63e850f3", size = 17610175 }
wheels = [
    { url = "https://files.pythonhosted.org/packages/64/10/704c18b5960b3f9b10efcc859e11881ad90f1e44008e181d2b10cd305a63/PuLP-2.9.0-py3-none-any.whl", hash = "sha256:ad6a9b566d8458f4d05f4bfe2cea59e32885dd1da6929a361be579222107987c", size = 17678417 },
]
